
Microsoft Visual Studio Solution File, Format Version 12.00
# Visual Studio Version 16
VisualStudioVersion = 16.0.28922.388
MinimumVisualStudioVersion = 10.0.40219.1
Project("{FAE04EC0-301F-11D3-BF4B-00C04F79EFBC}") = "FIR", "FIR\FIR.csproj", "{0700CDD7-03F3-4FE5-B03B-78CF8EE8C7BE}"
EndProject
Global
	GlobalSection(SolutionConfigurationPlatforms) = preSolution
		Debug|Any CPU = Debug|Any CPU
		Release|Any CPU = Release|Any CPU
	EndGlobalSection
	GlobalSection(ProjectConfigurationPlatforms) = postSolution
		{0700CDD7-03F3-4FE5-B03B-78CF8EE8C7BE}.Debug|Any CPU.ActiveCfg = Debug|Any CPU
		{0700CDD7-03F3-4FE5-B03B-78CF8EE8C7BE}.Debug|Any CPU.Build.0 = Debug|Any CPU
		{0700CDD7-03F3-4FE5-B03B-78CF8EE8C7BE}.Release|Any CPU.ActiveCfg = Release|Any CPU
		{0700CDD7-03F3-4FE5-B03B-78CF8EE8C7BE}.Release|Any CPU.Build.0 = Release|Any CPU
	EndGlobalSection
	GlobalSection(SolutionProperties) = preSolution
		HideSolutionNode = FALSE
	EndGlobalSection
	GlobalSection(ExtensibilityGlobals) = postSolution
		SolutionGuid = {DE453591-9ACD-4190-86C7-44E809E36C02}
	EndGlobalSection
EndGlobal
